
Microsoft Visual Studio Solution File, Format Version 12.00
# Visual Studio Version 16
VisualStudioVersion = 16.0.30907.101
MinimumVisualStudioVersion = 10.0.40219.1
Project("{FAE04EC0-301F-11D3-BF4B-00C04F79EFBC}") = "FriendOrganizer.UI", "FriendOrganizer.UI\FriendOrganizer.UI.csproj", "{5F68D887-21BF-42C8-9EA6-FED9EA0685E8}"
EndProject
Project("{FAE04EC0-301F-11D3-BF4B-00C04F79EFBC}") = "FriendOrganizer.DataAccess", "FriendOrganizer.DataAccess\FriendOrganizer.DataAccess.csproj", "{30549127-84B7-4F41-83EA-9CF7B72714EF}"
EndProject
Project("{FAE04EC0-301F-11D3-BF4B-00C04F79EFBC}") = "FriendOrganizer.Model", "FriendOrganizer.Model\FriendOrganizer.Model.csproj", "{81349A36-DC89-4B80-9865-F142A0274294}"
EndProject
Global
	GlobalSection(SolutionConfigurationPlatforms) = preSolution
		Debug|Any CPU = Debug|Any CPU
		Release|Any CPU = Release|Any CPU
	EndGlobalSection
	GlobalSection(ProjectConfigurationPlatforms) = postSolution
		{5F68D887-21BF-42C8-9EA6-FED9EA0685E8}.Debug|Any CPU.ActiveCfg = Debug|Any CPU
		{5F68D887-21BF-42C8-9EA6-FED9EA0685E8}.Debug|Any CPU.Build.0 = Debug|Any CPU
		{5F68D887-21BF-42C8-9EA6-FED9EA0685E8}.Release|Any CPU.ActiveCfg = Release|Any CPU
		{5F68D887-21BF-42C8-9EA6-FED9EA0685E8}.Release|Any CPU.Build.0 = Release|Any CPU
		{30549127-84B7-4F41-83EA-9CF7B72714EF}.Debug|Any CPU.ActiveCfg = Debug|Any CPU
		{30549127-84B7-4F41-83EA-9CF7B72714EF}.Debug|Any CPU.Build.0 = Debug|Any CPU
		{30549127-84B7-4F41-83EA-9CF7B72714EF}.Release|Any CPU.ActiveCfg = Release|Any CPU
		{30549127-84B7-4F41-83EA-9CF7B72714EF}.Release|Any CPU.Build.0 = Release|Any CPU
		{81349A36-DC89-4B80-9865-F142A0274294}.Debug|Any CPU.ActiveCfg = Debug|Any CPU
		{81349A36-DC89-4B80-9865-F142A0274294}.Debug|Any CPU.Build.0 = Debug|Any CPU
		{81349A36-DC89-4B80-9865-F142A0274294}.Release|Any CPU.ActiveCfg = Release|Any CPU
		{81349A36-DC89-4B80-9865-F142A0274294}.Release|Any CPU.Build.0 = Release|Any CPU
	EndGlobalSection
	GlobalSection(SolutionProperties) = preSolution
		HideSolutionNode = FALSE
	EndGlobalSection
	GlobalSection(ExtensibilityGlobals) = postSolution
		SolutionGuid = {8596C158-315D-4F31-AD40-E694ACB8169D}
	EndGlobalSection
EndGlobal
